
Microsoft Visual Studio Solution File, Format Version 12.00
# Visual Studio Version 17
VisualStudioVersion = 17.7.34221.43
MinimumVisualStudioVersion = 10.0.40219.1
Project("{FAE04EC0-301F-11D3-BF4B-00C04F79EFBC}") = "Twelve", "Twelve\Twelve.csproj", "{DFBE3AF2-0018-4E6B-8BD7-32F8B78BF1D4}"
EndProject
Project("{FAE04EC0-301F-11D3-BF4B-00C04F79EFBC}") = "DataLayer", "DataLayer\DataLayer.csproj", "{3BA19F24-D90C-4F68-8765-0233A0B53D91}"
EndProject
Project("{FAE04EC0-301F-11D3-BF4B-00C04F79EFBC}") = "ViewModels", "ViewModels\ViewModels.csproj", "{1B14540D-CDC4-449F-94B4-D59E89E479EA}"
EndProject
Project("{FAE04EC0-301F-11D3-BF4B-00C04F79EFBC}") = "Utilities", "Utilities\Utilities.csproj", "{1651079A-A170-49E2-AD45-4450B5D1999A}"
EndProject
Project("{FAE04EC0-301F-11D3-BF4B-00C04F79EFBC}") = "Services", "Services\Services.csproj", "{BFDAF569-5BB0-4FC9-B39F-6A3A9740D3EF}"
EndProject
Global
	GlobalSection(SolutionConfigurationPlatforms) = preSolution
		Debug|Any CPU = Debug|Any CPU
		Release|Any CPU = Release|Any CPU
	EndGlobalSection
	GlobalSection(ProjectConfigurationPlatforms) = postSolution
		{DFBE3AF2-0018-4E6B-8BD7-32F8B78BF1D4}.Debug|Any CPU.ActiveCfg = Debug|Any CPU
		{DFBE3AF2-0018-4E6B-8BD7-32F8B78BF1D4}.Debug|Any CPU.Build.0 = Debug|Any CPU
		{DFBE3AF2-0018-4E6B-8BD7-32F8B78BF1D4}.Release|Any CPU.ActiveCfg = Release|Any CPU
		{DFBE3AF2-0018-4E6B-8BD7-32F8B78BF1D4}.Release|Any CPU.Build.0 = Release|Any CPU
		{3BA19F24-D90C-4F68-8765-0233A0B53D91}.Debug|Any CPU.ActiveCfg = Debug|Any CPU
		{3BA19F24-D90C-4F68-8765-0233A0B53D91}.Debug|Any CPU.Build.0 = Debug|Any CPU
		{3BA19F24-D90C-4F68-8765-0233A0B53D91}.Release|Any CPU.ActiveCfg = Release|Any CPU
		{3BA19F24-D90C-4F68-8765-0233A0B53D91}.Release|Any CPU.Build.0 = Release|Any CPU
		{1B14540D-CDC4-449F-94B4-D59E89E479EA}.Debug|Any CPU.ActiveCfg = Debug|Any CPU
		{1B14540D-CDC4-449F-94B4-D59E89E479EA}.Debug|Any CPU.Build.0 = Debug|Any CPU
		{1B14540D-CDC4-449F-94B4-D59E89E479EA}.Release|Any CPU.ActiveCfg = Release|Any CPU
		{1B14540D-CDC4-449F-94B4-D59E89E479EA}.Release|Any CPU.Build.0 = Release|Any CPU
		{1651079A-A170-49E2-AD45-4450B5D1999A}.Debug|Any CPU.ActiveCfg = Debug|Any CPU
		{1651079A-A170-49E2-AD45-4450B5D1999A}.Debug|Any CPU.Build.0 = Debug|Any CPU
		{1651079A-A170-49E2-AD45-4450B5D1999A}.Release|Any CPU.ActiveCfg = Release|Any CPU
		{1651079A-A170-49E2-AD45-4450B5D1999A}.Release|Any CPU.Build.0 = Release|Any CPU
		{BFDAF569-5BB0-4FC9-B39F-6A3A9740D3EF}.Debug|Any CPU.ActiveCfg = Debug|Any CPU
		{BFDAF569-5BB0-4FC9-B39F-6A3A9740D3EF}.Debug|Any CPU.Build.0 = Debug|Any CPU
		{BFDAF569-5BB0-4FC9-B39F-6A3A9740D3EF}.Release|Any CPU.ActiveCfg = Release|Any CPU
		{BFDAF569-5BB0-4FC9-B39F-6A3A9740D3EF}.Release|Any CPU.Build.0 = Release|Any CPU
	EndGlobalSection
	GlobalSection(SolutionProperties) = preSolution
		HideSolutionNode = FALSE
	EndGlobalSection
	GlobalSection(ExtensibilityGlobals) = postSolution
		SolutionGuid = {22BA9736-9861-41EE-9D82-E13F5EB0D118}
	EndGlobalSection
EndGlobal
